// !$*UTF8*$!
{
	archiveVersion = 1;
	classes = {
	};
	objectVersion = 46;
	objects = {

/* Begin PBXBuildFile section */
		DFCD567D1E78D60A002095C6 /* AppDelegate.swift in Sources */ = {isa = PBXBuildFile; fileRef = DFCD567C1E78D60A002095C6 /* AppDelegate.swift */; };
		DFCD567F1E78D60A002095C6 /* CalculatorViewController.swift in Sources */ = {isa = PBXBuildFile; fileRef = DFCD567E1E78D60A002095C6 /* CalculatorViewController.swift */; };
		DFCD56821E78D60A002095C6 /* Main.storyboard in Resources */ = {isa = PBXBuildFile; fileRef = DFCD56801E78D60A002095C6 /* Main.storyboard */; };
		DFCD56841E78D60A002095C6 /* Assets.xcassets in Resources */ = {isa = PBXBuildFile; fileRef = DFCD56831E78D60A002095C6 /* Assets.xcassets */; };
		DFCD56871E78D60A002095C6 /* LaunchScreen.storyboard in Resources */ = {isa = PBXBuildFile; fileRef = DFCD56851E78D60A002095C6 /* LaunchScreen.storyboard */; };
		DFCD56921E78D60A002095C6 /* CalculatorTests.swift in Sources */ = {isa = PBXBuildFile; fileRef = DFCD56911E78D60A002095C6 /* CalculatorTests.swift */; };
		DFCD569D1E78D60A002095C6 /* CalculatorUITests.swift in Sources */ = {isa = PBXBuildFile; fileRef = DFCD569C1E78D60A002095C6 /* CalculatorUITests.swift */; };
		DFDFCB341E7A32C500E1FED2 /* CalculatorBrain.swift in Sources */ = {isa = PBXBuildFile; fileRef = DFDFCB331E7A32C500E1FED2 /* CalculatorBrain.swift */; };
/* End PBXBuildFile section */

/* Begin PBXContainerItemProxy section */
		DFCD568E1E78D60A002095C6 /* PBXContainerItemProxy */ = {
			isa = PBXContainerItemProxy;
			containerPortal = DFCD56711E78D609002095C6 /* Project object */;
			proxyType = 1;
			remoteGlobalIDString = DFCD56781E78D60A002095C6;
			remoteInfo = Calculator;
		};
		DFCD56991E78D60A002095C6 /* PBXContainerItemProxy */ = {
			isa = PBXContainerItemProxy;
			containerPortal = DFCD56711E78D609002095C6 /* Project object */;
			proxyType = 1;
			remoteGlobalIDString = DFCD56781E78D60A002095C6;
			remoteInfo = Calculator;
		};
/* End PBXContainerItemProxy section */

/* Begin PBXFileReference section */
		DFCD56791E78D60A002095C6 /* Calculator.app */ = {isa = PBXFileReference; explicitFileType = wrapper.application; includeInIndex = 0; path = Calculator.app; sourceTree = BUILT_PRODUCTS_DIR; };
		DFCD567C1E78D60A002095C6 /* AppDelegate.swift */ = {isa = PBXFileReference; lastKnownFileType = sourcecode.swift; path = AppDelegate.swift; sourceTree = "<group>"; };
		DFCD567E1E78D60A002095C6 /* CalculatorViewController.swift */ = {isa = PBXFileReference; lastKnownFileType = sourcecode.swift; path = CalculatorViewController.swift; sourceTree = "<group>"; };
		DFCD56811E78D60A002095C6 /* Base */ = {isa = PBXFileReference; lastKnownFileType = file.storyboard; name = Base; path = Base.lproj/Main.storyboard; sourceTree = "<group>"; };
		DFCD56831E78D60A002095C6 /* Assets.xcassets */ = {isa = PBXFileReference; lastKnownFileType = folder.assetcatalog; path = Assets.xcassets; sourceTree = "<group>"; };
		DFCD56861E78D60A002095C6 /* Base */ = {isa = PBXFileReference; lastKnownFileType = file.storyboard; name = Base; path = Base.lproj/LaunchScreen.storyboard; sourceTree = "<group>"; };
		DFCD56881E78D60A002095C6 /* Info.plist */ = {isa = PBXFileReference; lastKnownFileType = text.plist.xml; path = Info.plist; sourceTree = "<group>"; };
		DFCD568D1E78D60A002095C6 /* CalculatorTests.xctest */ = {isa = PBXFileReference; explicitFileType = wrapper.cfbundle; includeInIndex = 0; path = CalculatorTests.xctest; sourceTree = BUILT_PRODUCTS_DIR; };
		DFCD56911E78D60A002095C6 /* CalculatorTests.swift */ = {isa = PBXFileReference; lastKnownFileType = sourcecode.swift; path = CalculatorTests.swift; sourceTree = "<group>"; };
		DFCD56931E78D60A002095C6 /* Info.plist */ = {isa = PBXFileReference; lastKnownFileType = text.plist.xml; path = Info.plist; sourceTree = "<group>"; };
		DFCD56981E78D60A002095C6 /* CalculatorUITests.xctest */ = {isa = PBXFileReference; explicitFileType = wrapper.cfbundle; includeInIndex = 0; path = CalculatorUITests.xctest; sourceTree = BUILT_PRODUCTS_DIR; };
		DFCD569C1E78D60A002095C6 /* CalculatorUITests.swift */ = {isa = PBXFileReference; lastKnownFileType = sourcecode.swift; path = CalculatorUITests.swift; sourceTree = "<group>"; };
		DFCD569E1E78D60A002095C6 /* Info.plist */ = {isa = PBXFileReference; lastKnownFileType = text.plist.xml; path = Info.plist; sourceTree = "<group>"; };
		DFDFCB331E7A32C500E1FED2 /* CalculatorBrain.swift */ = {isa = PBXFileReference; fileEncoding = 4; lastKnownFileType = sourcecode.swift; path = CalculatorBrain.swift; sourceTree = "<group>"; wrapsLines = 0; };
/* End PBXFileReference section */

/* Begin PBXFrameworksBuildPhase section */
		DFCD56761E78D60A002095C6 /* Frameworks */ = {
			isa = PBXFrameworksBuildPhase;
			buildActionMask = 2147483647;
			files = (
			);
			runOnlyForDeploymentPostprocessing = 0;
		};
		DFCD568A1E78D60A002095C6 /* Frameworks */ = {
			isa = PBXFrameworksBuildPhase;
			buildActionMask = 2147483647;
			files = (
			);
			runOnlyForDeploymentPostprocessing = 0;
		};
		DFCD56951E78D60A002095C6 /* Frameworks */ = {
			isa = PBXFrameworksBuildPhase;
			buildActionMask = 2147483647;
			files = (
			);
			runOnlyForDeploymentPostprocessing = 0;
		};
/* End PBXFrameworksBuildPhase section */

/* Begin PBXGroup section */
		DFCD56701E78D609002095C6 = {
			isa = PBXGroup;
			children = (
				DFCD567B1E78D60A002095C6 /* Calculator */,
				DFCD56901E78D60A002095C6 /* CalculatorTests */,
				DFCD569B1E78D60A002095C6 /* CalculatorUITests */,
				DFCD567A1E78D60A002095C6 /* Products */,
			);
			sourceTree = "<group>";
		};
		DFCD567A1E78D60A002095C6 /* Products */ = {
			isa = PBXGroup;
			children = (
				DFCD56791E78D60A002095C6 /* Calculator.app */,
				DFCD568D1E78D60A002095C6 /* CalculatorTests.xctest */,
				DFCD56981E78D60A002095C6 /* CalculatorUITests.xctest */,
			);
			name = Products;
			sourceTree = "<group>";
		};
		DFCD567B1E78D60A002095C6 /* Calculator */ = {
			isa = PBXGroup;
			children = (
				DFCD567E1E78D60A002095C6 /* CalculatorViewController.swift */,
				DFCD56801E78D60A002095C6 /* Main.storyboard */,
				DFDFCB331E7A32C500E1FED2 /* CalculatorBrain.swift */,
				DFCD56AA1E78D72C002095C6 /* Supporting Files */,
			);
			path = Calculator;
			sourceTree = "<group>";
		};
		DFCD56901E78D60A002095C6 /* CalculatorTests */ = {
			isa = PBXGroup;
			children = (
				DFCD56911E78D60A002095C6 /* CalculatorTests.swift */,
				DFCD56931E78D60A002095C6 /* Info.plist */,
			);
			path = CalculatorTests;
			sourceTree = "<group>";
		};
		DFCD569B1E78D60A002095C6 /* CalculatorUITests */ = {
			isa = PBXGroup;
			children = (
				DFCD569C1E78D60A002095C6 /* CalculatorUITests.swift */,
				DFCD569E1E78D60A002095C6 /* Info.plist */,
			);
			path = CalculatorUITests;
			sourceTree = "<group>";
		};
		DFCD56AA1E78D72C002095C6 /* Supporting Files */ = {
			isa = PBXGroup;
			children = (
				DFCD567C1E78D60A002095C6 /* AppDelegate.swift */,
				DFCD56831E78D60A002095C6 /* Assets.xcassets */,
				DFCD56851E78D60A002095C6 /* LaunchScreen.storyboard */,
				DFCD56881E78D60A002095C6 /* Info.plist */,
			);
			name = "Supporting Files";
			sourceTree = "<group>";
		};
/* End PBXGroup section */

/* Begin PBXNativeTarget section */
		DFCD56781E78D60A002095C6 /* Calculator */ = {
			isa = PBXNativeTarget;
			buildConfigurationList = DFCD56A11E78D60A002095C6 /* Build configuration list for PBXNativeTarget "Calculator" */;
			buildPhases = (
				DFCD56751E78D60A002095C6 /* Sources */,
				DFCD56761E78D60A002095C6 /* Frameworks */,
				DFCD56771E78D60A002095C6 /* Resources */,
			);
			buildRules = (
			);
			dependencies = (
			);
			name = Calculator;
			productName = Calculator;
			productReference = DFCD56791E78D60A002095C6 /* Calculator.app */;
			productType = "com.apple.product-type.application";
		};
		DFCD568C1E78D60A002095C6 /* CalculatorTests */ = {
			isa = PBXNativeTarget;
			buildConfigurationList = DFCD56A41E78D60A002095C6 /* Build configuration list for PBXNativeTarget "CalculatorTests" */;
			buildPhases = (
				DFCD56891E78D60A002095C6 /* Sources */,
				DFCD568A1E78D60A002095C6 /* Frameworks */,
				DFCD568B1E78D60A002095C6 /* Resources */,
			);
			buildRules = (
			);
			dependencies = (
				DFCD568F1E78D60A002095C6 /* PBXTargetDependency */,
			);
			name = CalculatorTests;
			productName = CalculatorTests;
			productReference = DFCD568D1E78D60A002095C6 /* CalculatorTests.xctest */;
			productType = "com.apple.product-type.bundle.unit-test";
		};
		DFCD56971E78D60A002095C6 /* CalculatorUITests */ = {
			isa = PBXNativeTarget;
			buildConfigurationList = DFCD56A71E78D60A002095C6 /* Build configuration list for PBXNativeTarget "CalculatorUITests" */;
			buildPhases = (
				DFCD56941E78D60A002095C6 /* Sources */,
				DFCD56951E78D60A002095C6 /* Frameworks */,
				DFCD56961E78D60A002095C6 /* Resources */,
			);
			buildRules = (
			);
			dependencies = (
				DFCD569A1E78D60A002095C6 /* PBXTargetDependency */,
			);
			name = CalculatorUITests;
			productName = CalculatorUITests;
			productReference = DFCD56981E78D60A002095C6 /* CalculatorUITests.xctest */;
			productType = "com.apple.product-type.bundle.ui-testing";
		};
/* End PBXNativeTarget section */

/* Begin PBXProject section */
		DFCD56711E78D609002095C6 /* Project object */ = {
			isa = PBXProject;
			attributes = {
				LastSwiftUpdateCheck = 0820;
				LastUpgradeCheck = 0820;
				ORGANIZATIONNAME = "Michelline Tran";
				TargetAttributes = {
					DFCD56781E78D60A002095C6 = {
						CreatedOnToolsVersion = 8.2.1;
						DevelopmentTeam = 5QNKR8RC4W;
						ProvisioningStyle = Automatic;
					};
					DFCD568C1E78D60A002095C6 = {
						CreatedOnToolsVersion = 8.2.1;
						DevelopmentTeam = 5QNKR8RC4W;
						ProvisioningStyle = Automatic;
						TestTargetID = DFCD56781E78D60A002095C6;
					};
					DFCD56971E78D60A002095C6 = {
						CreatedOnToolsVersion = 8.2.1;
						DevelopmentTeam = 5QNKR8RC4W;
						ProvisioningStyle = Automatic;
						TestTargetID = DFCD56781E78D60A002095C6;
					};
				};
			};
			buildConfigurationList = DFCD56741E78D609002095C6 /* Build configuration list for PBXProject "Calculator" */;
			compatibilityVersion = "Xcode 3.2";
			developmentRegion = English;
			hasScannedForEncodings = 0;
			knownRegions = (
				en,
				Base,
			);
			mainGroup = DFCD56701E78D609002095C6;
			productRefGroup = DFCD567A1E78D60A002095C6 /* Products */;
			projectDirPath = "";
			projectRoot = "";
			targets = (
				DFCD56781E78D60A002095C6 /* Calculator */,
				DFCD568C1E78D60A002095C6 /* CalculatorTests */,
				DFCD56971E78D60A002095C6 /* CalculatorUITests */,
			);
		};
/* End PBXProject section */

/* Begin PBXResourcesBuildPhase section */
		DFCD56771E78D60A002095C6 /* Resources */ = {
			isa = PBXResourcesBuildPhase;
			buildActionMask = 2147483647;
			files = (
				DFCD56871E78D60A002095C6 /* LaunchScreen.storyboard in Resources */,
				DFCD56841E78D60A002095C6 /* Assets.xcassets in Resources */,
				DFCD56821E78D60A002095C6 /* Main.storyboard in Resources */,
			);
			runOnlyForDeploymentPostprocessing = 0;
		};
		DFCD568B1E78D60A002095C6 /* Resources */ = {
			isa = PBXResourcesBuildPhase;
			buildActionMask = 2147483647;
			files = (
			);
			runOnlyForDeploymentPostprocessing = 0;
		};
		DFCD56961E78D60A002095C6 /* Resources */ = {
			isa = PBXResourcesBuildPhase;
			buildActionMask = 2147483647;
			files = (
			);
			runOnlyForDeploymentPostprocessing = 0;
		};
/* End PBXResourcesBuildPhase section */

/* Begin PBXSourcesBuildPhase section */
		DFCD56751E78D60A002095C6 /* Sources */ = {
			isa = PBXSourcesBuildPhase;
			buildActionMask = 2147483647;
			files = (
				DFDFCB341E7A32C500E1FED2 /* CalculatorBrain.swift in Sources */,
				DFCD567F1E78D60A002095C6 /* CalculatorViewController.swift in Sources */,
				DFCD567D1E78D60A002095C6 /* AppDelegate.swift in Sources */,
			);
			runOnlyForDeploymentPostprocessing = 0;
		};
		DFCD56891E78D60A002095C6 /* Sources */ = {
			isa = PBXSourcesBuildPhase;
			buildActionMask = 2147483647;
			files = (
				DFCD56921E78D60A002095C6 /* CalculatorTests.swift in Sources */,
			);
			runOnlyForDeploymentPostprocessing = 0;
		};
		DFCD56941E78D60A002095C6 /* Sources */ = {
			isa = PBXSourcesBuildPhase;
			buildActionMask = 2147483647;
			files = (
				DFCD569D1E78D60A002095C6 /* CalculatorUITests.swift in Sources */,
			);
			runOnlyForDeploymentPostprocessing = 0;
		};
/* End PBXSourcesBuildPhase section */

/* Begin PBXTargetDependency section */
		DFCD568F1E78D60A002095C6 /* PBXTargetDependency */ = {
			isa = PBXTargetDependency;
			target = DFCD56781E78D60A002095C6 /* Calculator */;
			targetProxy = DFCD568E1E78D60A002095C6 /* PBXContainerItemProxy */;
		};
		DFCD569A1E78D60A002095C6 /* PBXTargetDependency */ = {
			isa = PBXTargetDependency;
			target = DFCD56781E78D60A002095C6 /* Calculator */;
			targetProxy = DFCD56991E78D60A002095C6 /* PBXContainerItemProxy */;
		};
/* End PBXTargetDependency section */

/* Begin PBXVariantGroup section */
		DFCD56801E78D60A002095C6 /* Main.storyboard */ = {
			isa = PBXVariantGroup;
			children = (
				DFCD56811E78D60A002095C6 /* Base */,
			);
			name = Main.storyboard;
			sourceTree = "<group>";
		};
		DFCD56851E78D60A002095C6 /* LaunchScreen.storyboard */ = {
			isa = PBXVariantGroup;
			children = (
				DFCD56861E78D60A002095C6 /* Base */,
			);
			name = LaunchScreen.storyboard;
			sourceTree = "<group>";
		};
/* End PBXVariantGroup section */

/* Begin XCBuildConfiguration section */
		DFCD569F1E78D60A002095C6 /* Debug */ = {
			isa = XCBuildConfiguration;
			buildSettings = {
				ALWAYS_SEARCH_USER_PATHS = NO;
				CLANG_ANALYZER_NONNULL = YES;
				CLANG_CXX_LANGUAGE_STANDARD = "gnu++0x";
				CLANG_CXX_LIBRARY = "libc++";
				CLANG_ENABLE_MODULES = YES;
				CLANG_ENABLE_OBJC_ARC = YES;
				CLANG_WARN_BOOL_CONVERSION = YES;
				CLANG_WARN_CONSTANT_CONVERSION = YES;
				CLANG_WARN_DIRECT_OBJC_ISA_USAGE = YES_ERROR;
				CLANG_WARN_DOCUMENTATION_COMMENTS = YES;
				CLANG_WARN_EMPTY_BODY = YES;
				CLANG_WARN_ENUM_CONVERSION = YES;
				CLANG_WARN_INFINITE_RECURSION = YES;
				CLANG_WARN_INT_CONVERSION = YES;
				CLANG_WARN_OBJC_ROOT_CLASS = YES_ERROR;
				CLANG_WARN_SUSPICIOUS_MOVE = YES;
				CLANG_WARN_UNREACHABLE_CODE = YES;
				CLANG_WARN__DUPLICATE_METHOD_MATCH = YES;
				"CODE_SIGN_IDENTITY[sdk=iphoneos*]" = "iPhone Developer";
				COPY_PHASE_STRIP = NO;
				DEBUG_INFORMATION_FORMAT = dwarf;
				ENABLE_STRICT_OBJC_MSGSEND = YES;
				ENABLE_TESTABILITY = YES;
				GCC_C_LANGUAGE_STANDARD = gnu99;
				GCC_DYNAMIC_NO_PIC = NO;
				GCC_NO_COMMON_BLOCKS = YES;
				GCC_OPTIMIZATION_LEVEL = 0;
				GCC_PREPROCESSOR_DEFINITIONS = (
					"DEBUG=1",
					"$(inherited)",
				);
				GCC_WARN_64_TO_32_BIT_CONVERSION = YES;
				GCC_WARN_ABOUT_RETURN_TYPE = YES_ERROR;
				GCC_WARN_UNDECLARED_SELECTOR = YES;
				GCC_WARN_UNINITIALIZED_AUTOS = YES_AGGRESSIVE;
				GCC_WARN_UNUSED_FUNCTION = YES;
				GCC_WARN_UNUSED_VARIABLE = YES;
				IPHONEOS_DEPLOYMENT_TARGET = 10.2;
				MTL_ENABLE_DEBUG_INFO = YES;
				ONLY_ACTIVE_ARCH = YES;
				SDKROOT = iphoneos;
				SWIFT_ACTIVE_COMPILATION_CONDITIONS = DEBUG;
				SWIFT_OPTIMIZATION_LEVEL = "-Onone";
				TARGETED_DEVICE_FAMILY = "1,2";
			};
			name = Debug;
		};
		DFCD56A01E78D60A002095C6 /* Release */ = {
			isa = XCBuildConfiguration;
			buildSettings = {
				ALWAYS_SEARCH_USER_PATHS = NO;
				CLANG_ANALYZER_NONNULL = YES;
				CLANG_CXX_LANGUAGE_STANDARD = "gnu++0x";
				CLANG_CXX_LIBRARY = "libc++";
				CLANG_ENABLE_MODULES = YES;
				CLANG_ENABLE_OBJC_ARC = YES;
				CLANG_WARN_BOOL_CONVERSION = YES;
				CLANG_WARN_CONSTANT_CONVERSION = YES;
				CLANG_WARN_DIRECT_OBJC_ISA_USAGE = YES_ERROR;
				CLANG_WARN_DOCUMENTATION_COMMENTS = YES;
				CLANG_WARN_EMPTY_BODY = YES;
				CLANG_WARN_ENUM_CONVERSION = YES;
				CLANG_WARN_INFINITE_RECURSION = YES;
				CLANG_WARN_INT_CONVERSION = YES;
				CLANG_WARN_OBJC_ROOT_CLASS = YES_ERROR;
				CLANG_WARN_SUSPICIOUS_MOVE = YES;
				CLANG_WARN_UNREACHABLE_CODE = YES;
				CLANG_WARN__DUPLICATE_METHOD_MATCH = YES;
				"CODE_SIGN_IDENTITY[sdk=iphoneos*]" = "iPhone Developer";
				COPY_PHASE_STRIP = NO;
				DEBUG_INFORMATION_FORMAT = "dwarf-with-dsym";
				ENABLE_NS_ASSERTIONS = NO;
				ENABLE_STRICT_OBJC_MSGSEND = YES;
				GCC_C_LANGUAGE_STANDARD = gnu99;
				GCC_NO_COMMON_BLOCKS = YES;
				GCC_WARN_64_TO_32_BIT_CONVERSION = YES;
				GCC_WARN_ABOUT_RETURN_TYPE = YES_ERROR;
				GCC_WARN_UNDECLARED_SELECTOR = YES;
				GCC_WARN_UNINITIALIZED_AUTOS = YES_AGGRESSIVE;
				GCC_WARN_UNUSED_FUNCTION = YES;
				GCC_WARN_UNUSED_VARIABLE = YES;
				IPHONEOS_DEPLOYMENT_TARGET = 10.2;
				MTL_ENABLE_DEBUG_INFO = NO;
				SDKROOT = iphoneos;
				SWIFT_OPTIMIZATION_LEVEL = "-Owholemodule";
				TARGETED_DEVICE_FAMILY = "1,2";
				VALIDATE_PRODUCT = YES;
			};
			name = Release;
		};
		DFCD56A21E78D60A002095C6 /* Debug */ = {
			isa = XCBuildConfiguration;
			buildSettings = {
				ASSETCATALOG_COMPILER_APPICON_NAME = AppIcon;
				DEVELOPMENT_TEAM = 5QNKR8RC4W;
				INFOPLIST_FILE = Calculator/Info.plist;
				LD_RUNPATH_SEARCH_PATHS = "$(inherited) @executable_path/Frameworks";
				PRODUCT_BUNDLE_IDENTIFIER = michellinetran.Calculator;
				PRODUCT_NAME = "$(TARGET_NAME)";
				SWIFT_VERSION = 3.0;
			};
			name = Debug;
		};
		DFCD56A31E78D60A002095C6 /* Release */ = {
			isa = XCBuildConfiguration;
			buildSettings = {
				ASSETCATALOG_COMPILER_APPICON_NAME = AppIcon;
				DEVELOPMENT_TEAM = 5QNKR8RC4W;
				INFOPLIST_FILE = Calculator/Info.plist;
				LD_RUNPATH_SEARCH_PATHS = "$(inherited) @executable_path/Frameworks";
				PRODUCT_BUNDLE_IDENTIFIER = michellinetran.Calculator;
				PRODUCT_NAME = "$(TARGET_NAME)";
				SWIFT_VERSION = 3.0;
			};
			name = Release;
		};
		DFCD56A51E78D60A002095C6 /* Debug */ = {
			isa = XCBuildConfiguration;
			buildSettings = {
				ALWAYS_EMBED_SWIFT_STANDARD_LIBRARIES = YES;
				BUNDLE_LOADER = "$(TEST_HOST)";
				DEVELOPMENT_TEAM = 5QNKR8RC4W;
				INFOPLIST_FILE = CalculatorTests/Info.plist;
				LD_RUNPATH_SEARCH_PATHS = "$(inherited) @executable_path/Frameworks @loader_path/Frameworks";
				PRODUCT_BUNDLE_IDENTIFIER = michellinetran.CalculatorTests;
				PRODUCT_NAME = "$(TARGET_NAME)";
				SWIFT_VERSION = 3.0;
				TEST_HOST = "$(BUILT_PRODUCTS_DIR)/Calculator.app/Calculator";
			};
			name = Debug;
		};
		DFCD56A61E78D60A002095C6 /* Release */ = {
			isa = XCBuildConfiguration;
			buildSettings = {
				ALWAYS_EMBED_SWIFT_STANDARD_LIBRARIES = YES;
				BUNDLE_LOADER = "$(TEST_HOST)";
				DEVELOPMENT_TEAM = 5QNKR8RC4W;
				INFOPLIST_FILE = CalculatorTests/Info.plist;
				LD_RUNPATH_SEARCH_PATHS = "$(inherited) @executable_path/Frameworks @loader_path/Frameworks";
				PRODUCT_BUNDLE_IDENTIFIER = michellinetran.CalculatorTests;
				PRODUCT_NAME = "$(TARGET_NAME)";
				SWIFT_VERSION = 3.0;
				TEST_HOST = "$(BUILT_PRODUCTS_DIR)/Calculator.app/Calculator";
			};
			name = Release;
		};
		DFCD56A81E78D60A002095C6 /* Debug */ = {
			isa = XCBuildConfiguration;
			buildSettings = {
				ALWAYS_EMBED_SWIFT_STANDARD_LIBRARIES = YES;
				DEVELOPMENT_TEAM = 5QNKR8RC4W;
				INFOPLIST_FILE = CalculatorUITests/Info.plist;
				LD_RUNPATH_SEARCH_PATHS = "$(inherited) @executable_path/Frameworks @loader_path/Frameworks";
				PRODUCT_BUNDLE_IDENTIFIER = michellinetran.CalculatorUITests;
				PRODUCT_NAME = "$(TARGET_NAME)";
				SWIFT_VERSION = 3.0;
				TEST_TARGET_NAME = Calculator;
			};
			name = Debug;
		};
		DFCD56A91E78D60A002095C6 /* Release */ = {
			isa = XCBuildConfiguration;
			buildSettings = {
				ALWAYS_EMBED_SWIFT_STANDARD_LIBRARIES = YES;
				DEVELOPMENT_TEAM = 5QNKR8RC4W;
				INFOPLIST_FILE = CalculatorUITests/Info.plist;
				LD_RUNPATH_SEARCH_PATHS = "$(inherited) @executable_path/Frameworks @loader_path/Frameworks";
				PRODUCT_BUNDLE_IDENTIFIER = michellinetran.CalculatorUITests;
				PRODUCT_NAME = "$(TARGET_NAME)";
				SWIFT_VERSION = 3.0;
				TEST_TARGET_NAME = Calculator;
			};
			name = Release;
		};
/* End XCBuildConfiguration section */

/* Begin XCConfigurationList section */
		DFCD56741E78D609002095C6 /* Build configuration list for PBXProject "Calculator" */ = {
			isa = XCConfigurationList;
			buildConfigurations = (
				DFCD569F1E78D60A002095C6 /* Debug */,
				DFCD56A01E78D60A002095C6 /* Release */,
			);
			defaultConfigurationIsVisible = 0;
			defaultConfigurationName = Release;
		};
		DFCD56A11E78D60A002095C6 /* Build configuration list for PBXNativeTarget "Calculator" */ = {
			isa = XCConfigurationList;
			buildConfigurations = (
				DFCD56A21E78D60A002095C6 /* Debug */,
				DFCD56A31E78D60A002095C6 /* Release */,
			);
			defaultConfigurationIsVisible = 0;
			defaultConfigurationName = Release;
		};
		DFCD56A41E78D60A002095C6 /* Build configuration list for PBXNativeTarget "CalculatorTests" */ = {
			isa = XCConfigurationList;
			buildConfigurations = (
				DFCD56A51E78D60A002095C6 /* Debug */,
				DFCD56A61E78D60A002095C6 /* Release */,
			);
			defaultConfigurationIsVisible = 0;
			defaultConfigurationName = Release;
		};
		DFCD56A71E78D60A002095C6 /* Build configuration list for PBXNativeTarget "CalculatorUITests" */ = {
			isa = XCConfigurationList;
			buildConfigurations = (
				DFCD56A81E78D60A002095C6 /* Debug */,
				DFCD56A91E78D60A002095C6 /* Release */,
			);
			defaultConfigurationIsVisible = 0;
			defaultConfigurationName = Release;
		};
/* End XCConfigurationList section */
	};
	rootObject = DFCD56711E78D609002095C6 /* Project object */;
}
